
Microsoft Visual Studio Solution File, Format Version 12.00
# Visual Studio Version 16
VisualStudioVersion = 16.0.30717.126
MinimumVisualStudioVersion = 10.0.40219.1
Project("{FAE04EC0-301F-11D3-BF4B-00C04F79EFBC}") = "ProducerConsumerQueue", "ProducerConsumerQueue\ProducerConsumerQueue.csproj", "{4CF96C64-B406-4BF7-9CE8-4EEC7A455305}"
EndProject
Global
	GlobalSection(SolutionConfigurationPlatforms) = preSolution
		Debug|Any CPU = Debug|Any CPU
		Release|Any CPU = Release|Any CPU
	EndGlobalSection
	GlobalSection(ProjectConfigurationPlatforms) = postSolution
		{4CF96C64-B406-4BF7-9CE8-4EEC7A455305}.Debug|Any CPU.ActiveCfg = Debug|Any CPU
		{4CF96C64-B406-4BF7-9CE8-4EEC7A455305}.Debug|Any CPU.Build.0 = Debug|Any CPU
		{4CF96C64-B406-4BF7-9CE8-4EEC7A455305}.Release|Any CPU.ActiveCfg = Release|Any CPU
		{4CF96C64-B406-4BF7-9CE8-4EEC7A455305}.Release|Any CPU.Build.0 = Release|Any CPU
	EndGlobalSection
	GlobalSection(SolutionProperties) = preSolution
		HideSolutionNode = FALSE
	EndGlobalSection
	GlobalSection(ExtensibilityGlobals) = postSolution
		SolutionGuid = {E6886DFB-8717-4C95-9C74-B06F50FB8E6F}
	EndGlobalSection
EndGlobal
